// !$*UTF8*$!
{
	archiveVersion = 1;
	classes = {
	};
	objectVersion = 46;
	objects = {

/* Begin PBXBuildFile section */
		9336BC021E394E0400F8E683 /* main.m in Sources */ = {isa = PBXBuildFile; fileRef = 9336BC011E394E0400F8E683 /* main.m */; };
		9336BC051E394E0400F8E683 /* AppDelegate.m in Sources */ = {isa = PBXBuildFile; fileRef = 9336BC041E394E0400F8E683 /* AppDelegate.m */; };
		9336BC081E394E0400F8E683 /* ViewController.m in Sources */ = {isa = PBXBuildFile; fileRef = 9336BC071E394E0400F8E683 /* ViewController.m */; };
		9336BC0B1E394E0400F8E683 /* Main.storyboard in Resources */ = {isa = PBXBuildFile; fileRef = 9336BC091E394E0400F8E683 /* Main.storyboard */; };
		9336BC0D1E394E0400F8E683 /* Assets.xcassets in Resources */ = {isa = PBXBuildFile; fileRef = 9336BC0C1E394E0400F8E683 /* Assets.xcassets */; };
		9336BC101E394E0400F8E683 /* LaunchScreen.storyboard in Resources */ = {isa = PBXBuildFile; fileRef = 9336BC0E1E394E0400F8E683 /* LaunchScreen.storyboard */; };
		9336BC1B1E394E0400F8E683 /* Week1AssignmentTests.m in Sources */ = {isa = PBXBuildFile; fileRef = 9336BC1A1E394E0400F8E683 /* Week1AssignmentTests.m */; };
		9336BC261E394E0400F8E683 /* Week1AssignmentUITests.m in Sources */ = {isa = PBXBuildFile; fileRef = 9336BC251E394E0400F8E683 /* Week1AssignmentUITests.m */; };
/* End PBXBuildFile section */

/* Begin PBXContainerItemProxy section */
		9336BC171E394E0400F8E683 /* PBXContainerItemProxy */ = {
			isa = PBXContainerItemProxy;
			containerPortal = 9336BBF51E394E0300F8E683 /* Project object */;
			proxyType = 1;
			remoteGlobalIDString = 9336BBFC1E394E0400F8E683;
			remoteInfo = Week1Assignment;
		};
		9336BC221E394E0400F8E683 /* PBXContainerItemProxy */ = {
			isa = PBXContainerItemProxy;
			containerPortal = 9336BBF51E394E0300F8E683 /* Project object */;
			proxyType = 1;
			remoteGlobalIDString = 9336BBFC1E394E0400F8E683;
			remoteInfo = Week1Assignment;
		};
/* End PBXContainerItemProxy section */

/* Begin PBXFileReference section */
		9336BBFD1E394E0400F8E683 /* Week1Assignment.app */ = {isa = PBXFileReference; explicitFileType = wrapper.application; includeInIndex = 0; path = Week1Assignment.app; sourceTree = BUILT_PRODUCTS_DIR; };
		9336BC011E394E0400F8E683 /* main.m */ = {isa = PBXFileReference; lastKnownFileType = sourcecode.c.objc; path = main.m; sourceTree = "<group>"; };
		9336BC031E394E0400F8E683 /* AppDelegate.h */ = {isa = PBXFileReference; lastKnownFileType = sourcecode.c.h; path = AppDelegate.h; sourceTree = "<group>"; };
		9336BC041E394E0400F8E683 /* AppDelegate.m */ = {isa = PBXFileReference; lastKnownFileType = sourcecode.c.objc; path = AppDelegate.m; sourceTree = "<group>"; };
		9336BC061E394E0400F8E683 /* ViewController.h */ = {isa = PBXFileReference; lastKnownFileType = sourcecode.c.h; path = ViewController.h; sourceTree = "<group>"; };
		9336BC071E394E0400F8E683 /* ViewController.m */ = {isa = PBXFileReference; lastKnownFileType = sourcecode.c.objc; path = ViewController.m; sourceTree = "<group>"; };
		9336BC0A1E394E0400F8E683 /* Base */ = {isa = PBXFileReference; lastKnownFileType = file.storyboard; name = Base; path = Base.lproj/Main.storyboard; sourceTree = "<group>"; };
		9336BC0C1E394E0400F8E683 /* Assets.xcassets */ = {isa = PBXFileReference; lastKnownFileType = folder.assetcatalog; path = Assets.xcassets; sourceTree = "<group>"; };
		9336BC0F1E394E0400F8E683 /* Base */ = {isa = PBXFileReference; lastKnownFileType = file.storyboard; name = Base; path = Base.lproj/LaunchScreen.storyboard; sourceTree = "<group>"; };
		9336BC111E394E0400F8E683 /* Info.plist */ = {isa = PBXFileReference; lastKnownFileType = text.plist.xml; path = Info.plist; sourceTree = "<group>"; };
		9336BC161E394E0400F8E683 /* Week1AssignmentTests.xctest */ = {isa = PBXFileReference; explicitFileType = wrapper.cfbundle; includeInIndex = 0; path = Week1AssignmentTests.xctest; sourceTree = BUILT_PRODUCTS_DIR; };
		9336BC1A1E394E0400F8E683 /* Week1AssignmentTests.m */ = {isa = PBXFileReference; lastKnownFileType = sourcecode.c.objc; path = Week1AssignmentTests.m; sourceTree = "<group>"; };
		9336BC1C1E394E0400F8E683 /* Info.plist */ = {isa = PBXFileReference; lastKnownFileType = text.plist.xml; path = Info.plist; sourceTree = "<group>"; };
		9336BC211E394E0400F8E683 /* Week1AssignmentUITests.xctest */ = {isa = PBXFileReference; explicitFileType = wrapper.cfbundle; includeInIndex = 0; path = Week1AssignmentUITests.xctest; sourceTree = BUILT_PRODUCTS_DIR; };
		9336BC251E394E0400F8E683 /* Week1AssignmentUITests.m */ = {isa = PBXFileReference; lastKnownFileType = sourcecode.c.objc; path = Week1AssignmentUITests.m; sourceTree = "<group>"; };
		9336BC271E394E0400F8E683 /* Info.plist */ = {isa = PBXFileReference; lastKnownFileType = text.plist.xml; path = Info.plist; sourceTree = "<group>"; };
/* End PBXFileReference section */

/* Begin PBXFrameworksBuildPhase section */
		9336BBFA1E394E0400F8E683 /* Frameworks */ = {
			isa = PBXFrameworksBuildPhase;
			buildActionMask = 2147483647;
			files = (
			);
			runOnlyForDeploymentPostprocessing = 0;
		};
		9336BC131E394E0400F8E683 /* Frameworks */ = {
			isa = PBXFrameworksBuildPhase;
			buildActionMask = 2147483647;
			files = (
			);
			runOnlyForDeploymentPostprocessing = 0;
		};
		9336BC1E1E394E0400F8E683 /* Frameworks */ = {
			isa = PBXFrameworksBuildPhase;
			buildActionMask = 2147483647;
			files = (
			);
			runOnlyForDeploymentPostprocessing = 0;
		};
/* End PBXFrameworksBuildPhase section */

/* Begin PBXGroup section */
		9336BBF41E394E0300F8E683 = {
			isa = PBXGroup;
			children = (
				9336BBFF1E394E0400F8E683 /* Week1Assignment */,
				9336BC191E394E0400F8E683 /* Week1AssignmentTests */,
				9336BC241E394E0400F8E683 /* Week1AssignmentUITests */,
				9336BBFE1E394E0400F8E683 /* Products */,
			);
			sourceTree = "<group>";
		};
		9336BBFE1E394E0400F8E683 /* Products */ = {
			isa = PBXGroup;
			children = (
				9336BBFD1E394E0400F8E683 /* Week1Assignment.app */,
				9336BC161E394E0400F8E683 /* Week1AssignmentTests.xctest */,
				9336BC211E394E0400F8E683 /* Week1AssignmentUITests.xctest */,
			);
			name = Products;
			sourceTree = "<group>";
		};
		9336BBFF1E394E0400F8E683 /* Week1Assignment */ = {
			isa = PBXGroup;
			children = (
				9336BC031E394E0400F8E683 /* AppDelegate.h */,
				9336BC041E394E0400F8E683 /* AppDelegate.m */,
				9336BC061E394E0400F8E683 /* ViewController.h */,
				9336BC071E394E0400F8E683 /* ViewController.m */,
				9336BC091E394E0400F8E683 /* Main.storyboard */,
				9336BC0C1E394E0400F8E683 /* Assets.xcassets */,
				9336BC0E1E394E0400F8E683 /* LaunchScreen.storyboard */,
				9336BC111E394E0400F8E683 /* Info.plist */,
				9336BC001E394E0400F8E683 /* Supporting Files */,
			);
			path = Week1Assignment;
			sourceTree = "<group>";
		};
		9336BC001E394E0400F8E683 /* Supporting Files */ = {
			isa = PBXGroup;
			children = (
				9336BC011E394E0400F8E683 /* main.m */,
			);
			name = "Supporting Files";
			sourceTree = "<group>";
		};
		9336BC191E394E0400F8E683 /* Week1AssignmentTests */ = {
			isa = PBXGroup;
			children = (
				9336BC1A1E394E0400F8E683 /* Week1AssignmentTests.m */,
				9336BC1C1E394E0400F8E683 /* Info.plist */,
			);
			path = Week1AssignmentTests;
			sourceTree = "<group>";
		};
		9336BC241E394E0400F8E683 /* Week1AssignmentUITests */ = {
			isa = PBXGroup;
			children = (
				9336BC251E394E0400F8E683 /* Week1AssignmentUITests.m */,
				9336BC271E394E0400F8E683 /* Info.plist */,
			);
			path = Week1AssignmentUITests;
			sourceTree = "<group>";
		};
/* End PBXGroup section */

/* Begin PBXNativeTarget section */
		9336BBFC1E394E0400F8E683 /* Week1Assignment */ = {
			isa = PBXNativeTarget;
			buildConfigurationList = 9336BC2A1E394E0400F8E683 /* Build configuration list for PBXNativeTarget "Week1Assignment" */;
			buildPhases = (
				9336BBF91E394E0400F8E683 /* Sources */,
				9336BBFA1E394E0400F8E683 /* Frameworks */,
				9336BBFB1E394E0400F8E683 /* Resources */,
			);
			buildRules = (
			);
			dependencies = (
			);
			name = Week1Assignment;
			productName = Week1Assignment;
			productReference = 9336BBFD1E394E0400F8E683 /* Week1Assignment.app */;
			productType = "com.apple.product-type.application";
		};
		9336BC151E394E0400F8E683 /* Week1AssignmentTests */ = {
			isa = PBXNativeTarget;
			buildConfigurationList = 9336BC2D1E394E0400F8E683 /* Build configuration list for PBXNativeTarget "Week1AssignmentTests" */;
			buildPhases = (
				9336BC121E394E0400F8E683 /* Sources */,
				9336BC131E394E0400F8E683 /* Frameworks */,
				9336BC141E394E0400F8E683 /* Resources */,
			);
			buildRules = (
			);
			dependencies = (
				9336BC181E394E0400F8E683 /* PBXTargetDependency */,
			);
			name = Week1AssignmentTests;
			productName = Week1AssignmentTests;
			productReference = 9336BC161E394E0400F8E683 /* Week1AssignmentTests.xctest */;
			productType = "com.apple.product-type.bundle.unit-test";
		};
		9336BC201E394E0400F8E683 /* Week1AssignmentUITests */ = {
			isa = PBXNativeTarget;
			buildConfigurationList = 9336BC301E394E0400F8E683 /* Build configuration list for PBXNativeTarget "Week1AssignmentUITests" */;
			buildPhases = (
				9336BC1D1E394E0400F8E683 /* Sources */,
				9336BC1E1E394E0400F8E683 /* Frameworks */,
				9336BC1F1E394E0400F8E683 /* Resources */,
			);
			buildRules = (
			);
			dependencies = (
				9336BC231E394E0400F8E683 /* PBXTargetDependency */,
			);
			name = Week1AssignmentUITests;
			productName = Week1AssignmentUITests;
			productReference = 9336BC211E394E0400F8E683 /* Week1AssignmentUITests.xctest */;
			productType = "com.apple.product-type.bundle.ui-testing";
		};
/* End PBXNativeTarget section */

/* Begin PBXProject section */
		9336BBF51E394E0300F8E683 /* Project object */ = {
			isa = PBXProject;
			attributes = {
				LastUpgradeCheck = 0820;
				ORGANIZATIONNAME = "Dhara Bavishi";
				TargetAttributes = {
					9336BBFC1E394E0400F8E683 = {
						CreatedOnToolsVersion = 8.2.1;
						ProvisioningStyle = Automatic;
					};
					9336BC151E394E0400F8E683 = {
						CreatedOnToolsVersion = 8.2.1;
						ProvisioningStyle = Automatic;
						TestTargetID = 9336BBFC1E394E0400F8E683;
					};
					9336BC201E394E0400F8E683 = {
						CreatedOnToolsVersion = 8.2.1;
						ProvisioningStyle = Automatic;
						TestTargetID = 9336BBFC1E394E0400F8E683;
					};
				};
			};
			buildConfigurationList = 9336BBF81E394E0300F8E683 /* Build configuration list for PBXProject "Week1Assignment" */;
			compatibilityVersion = "Xcode 3.2";
			developmentRegion = English;
			hasScannedForEncodings = 0;
			knownRegions = (
				en,
				Base,
			);
			mainGroup = 9336BBF41E394E0300F8E683;
			productRefGroup = 9336BBFE1E394E0400F8E683 /* Products */;
			projectDirPath = "";
			projectRoot = "";
			targets = (
				9336BBFC1E394E0400F8E683 /* Week1Assignment */,
				9336BC151E394E0400F8E683 /* Week1AssignmentTests */,
				9336BC201E394E0400F8E683 /* Week1AssignmentUITests */,
			);
		};
/* End PBXProject section */

/* Begin PBXResourcesBuildPhase section */
		9336BBFB1E394E0400F8E683 /* Resources */ = {
			isa = PBXResourcesBuildPhase;
			buildActionMask = 2147483647;
			files = (
				9336BC101E394E0400F8E683 /* LaunchScreen.storyboard in Resources */,
				9336BC0D1E394E0400F8E683 /* Assets.xcassets in Resources */,
				9336BC0B1E394E0400F8E683 /* Main.storyboard in Resources */,
			);
			runOnlyForDeploymentPostprocessing = 0;
		};
		9336BC141E394E0400F8E683 /* Resources */ = {
			isa = PBXResourcesBuildPhase;
			buildActionMask = 2147483647;
			files = (
			);
			runOnlyForDeploymentPostprocessing = 0;
		};
		9336BC1F1E394E0400F8E683 /* Resources */ = {
			isa = PBXResourcesBuildPhase;
			buildActionMask = 2147483647;
			files = (
			);
			runOnlyForDeploymentPostprocessing = 0;
		};
/* End PBXResourcesBuildPhase section */

/* Begin PBXSourcesBuildPhase section */
		9336BBF91E394E0400F8E683 /* Sources */ = {
			isa = PBXSourcesBuildPhase;
			buildActionMask = 2147483647;
			files = (
				9336BC081E394E0400F8E683 /* ViewController.m in Sources */,
				9336BC051E394E0400F8E683 /* AppDelegate.m in Sources */,
				9336BC021E394E0400F8E683 /* main.m in Sources */,
			);
			runOnlyForDeploymentPostprocessing = 0;
		};
		9336BC121E394E0400F8E683 /* Sources */ = {
			isa = PBXSourcesBuildPhase;
			buildActionMask = 2147483647;
			files = (
				9336BC1B1E394E0400F8E683 /* Week1AssignmentTests.m in Sources */,
			);
			runOnlyForDeploymentPostprocessing = 0;
		};
		9336BC1D1E394E0400F8E683 /* Sources */ = {
			isa = PBXSourcesBuildPhase;
			buildActionMask = 2147483647;
			files = (
				9336BC261E394E0400F8E683 /* Week1AssignmentUITests.m in Sources */,
			);
			runOnlyForDeploymentPostprocessing = 0;
		};
/* End PBXSourcesBuildPhase section */

/* Begin PBXTargetDependency section */
		9336BC181E394E0400F8E683 /* PBXTargetDependency */ = {
			isa = PBXTargetDependency;
			target = 9336BBFC1E394E0400F8E683 /* Week1Assignment */;
			targetProxy = 9336BC171E394E0400F8E683 /* PBXContainerItemProxy */;
		};
		9336BC231E394E0400F8E683 /* PBXTargetDependency */ = {
			isa = PBXTargetDependency;
			target = 9336BBFC1E394E0400F8E683 /* Week1Assignment */;
			targetProxy = 9336BC221E394E0400F8E683 /* PBXContainerItemProxy */;
		};
/* End PBXTargetDependency section */

/* Begin PBXVariantGroup section */
		9336BC091E394E0400F8E683 /* Main.storyboard */ = {
			isa = PBXVariantGroup;
			children = (
				9336BC0A1E394E0400F8E683 /* Base */,
			);
			name = Main.storyboard;
			sourceTree = "<group>";
		};
		9336BC0E1E394E0400F8E683 /* LaunchScreen.storyboard */ = {
			isa = PBXVariantGroup;
			children = (
				9336BC0F1E394E0400F8E683 /* Base */,
			);
			name = LaunchScreen.storyboard;
			sourceTree = "<group>";
		};
/* End PBXVariantGroup section */

/* Begin XCBuildConfiguration section */
		9336BC281E394E0400F8E683 /* Debug */ = {
			isa = XCBuildConfiguration;
			buildSettings = {
				ALWAYS_SEARCH_USER_PATHS = NO;
				CLANG_ANALYZER_NONNULL = YES;
				CLANG_CXX_LANGUAGE_STANDARD = "gnu++0x";
				CLANG_CXX_LIBRARY = "libc++";
				CLANG_ENABLE_MODULES = YES;
				CLANG_ENABLE_OBJC_ARC = YES;
				CLANG_WARN_BOOL_CONVERSION = YES;
				CLANG_WARN_CONSTANT_CONVERSION = YES;
				CLANG_WARN_DIRECT_OBJC_ISA_USAGE = YES_ERROR;
				CLANG_WARN_DOCUMENTATION_COMMENTS = YES;
				CLANG_WARN_EMPTY_BODY = YES;
				CLANG_WARN_ENUM_CONVERSION = YES;
				CLANG_WARN_INFINITE_RECURSION = YES;
				CLANG_WARN_INT_CONVERSION = YES;
				CLANG_WARN_OBJC_ROOT_CLASS = YES_ERROR;
				CLANG_WARN_SUSPICIOUS_MOVE = YES;
				CLANG_WARN_UNREACHABLE_CODE = YES;
				CLANG_WARN__DUPLICATE_METHOD_MATCH = YES;
				"CODE_SIGN_IDENTITY[sdk=iphoneos*]" = "iPhone Developer";
				COPY_PHASE_STRIP = NO;
				DEBUG_INFORMATION_FORMAT = dwarf;
				ENABLE_STRICT_OBJC_MSGSEND = YES;
				ENABLE_TESTABILITY = YES;
				GCC_C_LANGUAGE_STANDARD = gnu99;
				GCC_DYNAMIC_NO_PIC = NO;
				GCC_NO_COMMON_BLOCKS = YES;
				GCC_OPTIMIZATION_LEVEL = 0;
				GCC_PREPROCESSOR_DEFINITIONS = (
					"DEBUG=1",
					"$(inherited)",
				);
				GCC_WARN_64_TO_32_BIT_CONVERSION = YES;
				GCC_WARN_ABOUT_RETURN_TYPE = YES_ERROR;
				GCC_WARN_UNDECLARED_SELECTOR = YES;
				GCC_WARN_UNINITIALIZED_AUTOS = YES_AGGRESSIVE;
				GCC_WARN_UNUSED_FUNCTION = YES;
				GCC_WARN_UNUSED_VARIABLE = YES;
				IPHONEOS_DEPLOYMENT_TARGET = 10.2;
				MTL_ENABLE_DEBUG_INFO = YES;
				ONLY_ACTIVE_ARCH = YES;
				SDKROOT = iphoneos;
				TARGETED_DEVICE_FAMILY = "1,2";
			};
			name = Debug;
		};
		9336BC291E394E0400F8E683 /* Release */ = {
			isa = XCBuildConfiguration;
			buildSettings = {
				ALWAYS_SEARCH_USER_PATHS = NO;
				CLANG_ANALYZER_NONNULL = YES;
				CLANG_CXX_LANGUAGE_STANDARD = "gnu++0x";
				CLANG_CXX_LIBRARY = "libc++";
				CLANG_ENABLE_MODULES = YES;
				CLANG_ENABLE_OBJC_ARC = YES;
				CLANG_WARN_BOOL_CONVERSION = YES;
				CLANG_WARN_CONSTANT_CONVERSION = YES;
				CLANG_WARN_DIRECT_OBJC_ISA_USAGE = YES_ERROR;
				CLANG_WARN_DOCUMENTATION_COMMENTS = YES;
				CLANG_WARN_EMPTY_BODY = YES;
				CLANG_WARN_ENUM_CONVERSION = YES;
				CLANG_WARN_INFINITE_RECURSION = YES;
				CLANG_WARN_INT_CONVERSION = YES;
				CLANG_WARN_OBJC_ROOT_CLASS = YES_ERROR;
				CLANG_WARN_SUSPICIOUS_MOVE = YES;
				CLANG_WARN_UNREACHABLE_CODE = YES;
				CLANG_WARN__DUPLICATE_METHOD_MATCH = YES;
				"CODE_SIGN_IDENTITY[sdk=iphoneos*]" = "iPhone Developer";
				COPY_PHASE_STRIP = NO;
				DEBUG_INFORMATION_FORMAT = "dwarf-with-dsym";
				ENABLE_NS_ASSERTIONS = NO;
				ENABLE_STRICT_OBJC_MSGSEND = YES;
				GCC_C_LANGUAGE_STANDARD = gnu99;
				GCC_NO_COMMON_BLOCKS = YES;
				GCC_WARN_64_TO_32_BIT_CONVERSION = YES;
				GCC_WARN_ABOUT_RETURN_TYPE = YES_ERROR;
				GCC_WARN_UNDECLARED_SELECTOR = YES;
				GCC_WARN_UNINITIALIZED_AUTOS = YES_AGGRESSIVE;
				GCC_WARN_UNUSED_FUNCTION = YES;
				GCC_WARN_UNUSED_VARIABLE = YES;
				IPHONEOS_DEPLOYMENT_TARGET = 10.2;
				MTL_ENABLE_DEBUG_INFO = NO;
				SDKROOT = iphoneos;
				TARGETED_DEVICE_FAMILY = "1,2";
				VALIDATE_PRODUCT = YES;
			};
			name = Release;
		};
		9336BC2B1E394E0400F8E683 /* Debug */ = {
			isa = XCBuildConfiguration;
			buildSettings = {
				ASSETCATALOG_COMPILER_APPICON_NAME = AppIcon;
				INFOPLIST_FILE = Week1Assignment/Info.plist;
				LD_RUNPATH_SEARCH_PATHS = "$(inherited) @executable_path/Frameworks";
				PRODUCT_BUNDLE_IDENTIFIER = com.DharaBavishi.Week1Assignment;
				PRODUCT_NAME = "$(TARGET_NAME)";
			};
			name = Debug;
		};
		9336BC2C1E394E0400F8E683 /* Release */ = {
			isa = XCBuildConfiguration;
			buildSettings = {
				ASSETCATALOG_COMPILER_APPICON_NAME = AppIcon;
				INFOPLIST_FILE = Week1Assignment/Info.plist;
				LD_RUNPATH_SEARCH_PATHS = "$(inherited) @executable_path/Frameworks";
				PRODUCT_BUNDLE_IDENTIFIER = com.DharaBavishi.Week1Assignment;
				PRODUCT_NAME = "$(TARGET_NAME)";
			};
			name = Release;
		};
		9336BC2E1E394E0400F8E683 /* Debug */ = {
			isa = XCBuildConfiguration;
			buildSettings = {
				BUNDLE_LOADER = "$(TEST_HOST)";
				INFOPLIST_FILE = Week1AssignmentTests/Info.plist;
				LD_RUNPATH_SEARCH_PATHS = "$(inherited) @executable_path/Frameworks @loader_path/Frameworks";
				PRODUCT_BUNDLE_IDENTIFIER = com.DharaBavishi.Week1AssignmentTests;
				PRODUCT_NAME = "$(TARGET_NAME)";
				TEST_HOST = "$(BUILT_PRODUCTS_DIR)/Week1Assignment.app/Week1Assignment";
			};
			name = Debug;
		};
		9336BC2F1E394E0400F8E683 /* Release */ = {
			isa = XCBuildConfiguration;
			buildSettings = {
				BUNDLE_LOADER = "$(TEST_HOST)";
				INFOPLIST_FILE = Week1AssignmentTests/Info.plist;
				LD_RUNPATH_SEARCH_PATHS = "$(inherited) @executable_path/Frameworks @loader_path/Frameworks";
				PRODUCT_BUNDLE_IDENTIFIER = com.DharaBavishi.Week1AssignmentTests;
				PRODUCT_NAME = "$(TARGET_NAME)";
				TEST_HOST = "$(BUILT_PRODUCTS_DIR)/Week1Assignment.app/Week1Assignment";
			};
			name = Release;
		};
		9336BC311E394E0400F8E683 /* Debug */ = {
			isa = XCBuildConfiguration;
			buildSettings = {
				INFOPLIST_FILE = Week1AssignmentUITests/Info.plist;
				LD_RUNPATH_SEARCH_PATHS = "$(inherited) @executable_path/Frameworks @loader_path/Frameworks";
				PRODUCT_BUNDLE_IDENTIFIER = com.DharaBavishi.Week1AssignmentUITests;
				PRODUCT_NAME = "$(TARGET_NAME)";
				TEST_TARGET_NAME = Week1Assignment;
			};
			name = Debug;
		};
		9336BC321E394E0400F8E683 /* Release */ = {
			isa = XCBuildConfiguration;
			buildSettings = {
				INFOPLIST_FILE = Week1AssignmentUITests/Info.plist;
				LD_RUNPATH_SEARCH_PATHS = "$(inherited) @executable_path/Frameworks @loader_path/Frameworks";
				PRODUCT_BUNDLE_IDENTIFIER = com.DharaBavishi.Week1AssignmentUITests;
				PRODUCT_NAME = "$(TARGET_NAME)";
				TEST_TARGET_NAME = Week1Assignment;
			};
			name = Release;
		};
/* End XCBuildConfiguration section */

/* Begin XCConfigurationList section */
		9336BBF81E394E0300F8E683 /* Build configuration list for PBXProject "Week1Assignment" */ = {
			isa = XCConfigurationList;
			buildConfigurations = (
				9336BC281E394E0400F8E683 /* Debug */,
				9336BC291E394E0400F8E683 /* Release */,
			);
			defaultConfigurationIsVisible = 0;
			defaultConfigurationName = Release;
		};
		9336BC2A1E394E0400F8E683 /* Build configuration list for PBXNativeTarget "Week1Assignment" */ = {
			isa = XCConfigurationList;
			buildConfigurations = (
				9336BC2B1E394E0400F8E683 /* Debug */,
				9336BC2C1E394E0400F8E683 /* Release */,
			);
			defaultConfigurationIsVisible = 0;
		};
		9336BC2D1E394E0400F8E683 /* Build configuration list for PBXNativeTarget "Week1AssignmentTests" */ = {
			isa = XCConfigurationList;
			buildConfigurations = (
				9336BC2E1E394E0400F8E683 /* Debug */,
				9336BC2F1E394E0400F8E683 /* Release */,
			);
			defaultConfigurationIsVisible = 0;
		};
		9336BC301E394E0400F8E683 /* Build configuration list for PBXNativeTarget "Week1AssignmentUITests" */ = {
			isa = XCConfigurationList;
			buildConfigurations = (
				9336BC311E394E0400F8E683 /* Debug */,
				9336BC321E394E0400F8E683 /* Release */,
			);
			defaultConfigurationIsVisible = 0;
		};
/* End XCConfigurationList section */
	};
	rootObject = 9336BBF51E394E0300F8E683 /* Project object */;
}
